// !$*UTF8*$!
{
	archiveVersion = 1;
	classes = {
	};
	objectVersion = 46;
	objects = {

/* Begin PBXBuildFile section */
		3910A6B71F56A37B002E12F6 /* ExampleUD.m in Sources */ = {isa = PBXBuildFile; fileRef = 3910A6B61F56A37B002E12F6 /* ExampleUD.m */; };
		397C841B1F0B6202009982F8 /* result_Type.txt in Resources */ = {isa = PBXBuildFile; fileRef = 397C841A1F0B6202009982F8 /* result_Type.txt */; };
		397C841D1F0B620E009982F8 /* result_Json.txt in Resources */ = {isa = PBXBuildFile; fileRef = 397C841C1F0B620E009982F8 /* result_Json.txt */; };
		397C841F1F0B6227009982F8 /* result_Inherit.txt in Resources */ = {isa = PBXBuildFile; fileRef = 397C841E1F0B6227009982F8 /* result_Inherit.txt */; };
		397C84211F0B624B009982F8 /* result_CustomStorage.txt in Resources */ = {isa = PBXBuildFile; fileRef = 397C84201F0B624B009982F8 /* result_CustomStorage.txt */; };
		397C84271F0B67F8009982F8 /* NSObject+RFSafeTransform.m in Sources */ = {isa = PBXBuildFile; fileRef = 397C84261F0B67F8009982F8 /* NSObject+RFSafeTransform.m */; };
		397C842A1F0B6AA2009982F8 /* NSString+RFSafeTransform.m in Sources */ = {isa = PBXBuildFile; fileRef = 397C84291F0B6AA2009982F8 /* NSString+RFSafeTransform.m */; };
		397C842D1F0B6C11009982F8 /* NSObject+RFAssociatedValue.m in Sources */ = {isa = PBXBuildFile; fileRef = 397C842C1F0B6C11009982F8 /* NSObject+RFAssociatedValue.m */; };
		397C84361F0B75CC009982F8 /* NSObject+RFJModelProperty.m in Sources */ = {isa = PBXBuildFile; fileRef = 397C84351F0B75CC009982F8 /* NSObject+RFJModelProperty.m */; };
		397D9AC41F0B9D1D0028E26E /* RFJModelProperty.m in Sources */ = {isa = PBXBuildFile; fileRef = 397D9AC31F0B9D1D0028E26E /* RFJModelProperty.m */; };
		397D9AC71F0BABE80028E26E /* NSObject+RFJModel.m in Sources */ = {isa = PBXBuildFile; fileRef = 397D9AC61F0BABE80028E26E /* NSObject+RFJModel.m */; };
		3992C1F01F04D4D900433314 /* ExampleCustomStorageModel.m in Sources */ = {isa = PBXBuildFile; fileRef = 3992C1EF1F04D4D900433314 /* ExampleCustomStorageModel.m */; };
		3992C1F21F04DA4900433314 /* ExampleCustomStorageModelJson.txt in Resources */ = {isa = PBXBuildFile; fileRef = 3992C1F11F04DA4900433314 /* ExampleCustomStorageModelJson.txt */; };
		39FFB9AF1F0F6646005B2783 /* RFJUserDefaults.m in Sources */ = {isa = PBXBuildFile; fileRef = 39FFB9AE1F0F6646005B2783 /* RFJUserDefaults.m */; };
		78DA97531A53951B006B0597 /* main.m in Sources */ = {isa = PBXBuildFile; fileRef = 78DA97521A53951B006B0597 /* main.m */; };
		78DA97561A53951B006B0597 /* AppDelegate.m in Sources */ = {isa = PBXBuildFile; fileRef = 78DA97551A53951B006B0597 /* AppDelegate.m */; };
		78DA97591A53951B006B0597 /* ViewController.m in Sources */ = {isa = PBXBuildFile; fileRef = 78DA97581A53951B006B0597 /* ViewController.m */; };
		78DA975C1A53951B006B0597 /* Main.storyboard in Resources */ = {isa = PBXBuildFile; fileRef = 78DA975A1A53951B006B0597 /* Main.storyboard */; };
		78DA975E1A53951B006B0597 /* Images.xcassets in Resources */ = {isa = PBXBuildFile; fileRef = 78DA975D1A53951B006B0597 /* Images.xcassets */; };
		78DA97611A53951B006B0597 /* LaunchScreen.xib in Resources */ = {isa = PBXBuildFile; fileRef = 78DA975F1A53951B006B0597 /* LaunchScreen.xib */; };
		78DA976D1A53951B006B0597 /* RFJModelTests.m in Sources */ = {isa = PBXBuildFile; fileRef = 78DA976C1A53951B006B0597 /* RFJModelTests.m */; };
		78DA977E1A539581006B0597 /* ExampleJson.txt in Resources */ = {isa = PBXBuildFile; fileRef = 78DA97771A539581006B0597 /* ExampleJson.txt */; };
		78DA977F1A539581006B0597 /* ExampleModel.m in Sources */ = {isa = PBXBuildFile; fileRef = 78DA97791A539581006B0597 /* ExampleModel.m */; };
		78DA97801A539581006B0597 /* ExampleType.txt in Resources */ = {isa = PBXBuildFile; fileRef = 78DA977A1A539581006B0597 /* ExampleType.txt */; };
		78DA97811A539581006B0597 /* RFJModel.m in Sources */ = {isa = PBXBuildFile; fileRef = 78DA977D1A539581006B0597 /* RFJModel.m */; };
/* End PBXBuildFile section */

/* Begin PBXContainerItemProxy section */
		78DA97671A53951B006B0597 /* PBXContainerItemProxy */ = {
			isa = PBXContainerItemProxy;
			containerPortal = 78DA97451A53951B006B0597 /* Project object */;
			proxyType = 1;
			remoteGlobalIDString = 78DA974C1A53951B006B0597;
			remoteInfo = RFJModel;
		};
/* End PBXContainerItemProxy section */

/* Begin PBXFileReference section */
		3910A6B51F56A37B002E12F6 /* ExampleUD.h */ = {isa = PBXFileReference; fileEncoding = 4; lastKnownFileType = sourcecode.c.h; path = ExampleUD.h; sourceTree = "<group>"; };
		3910A6B61F56A37B002E12F6 /* ExampleUD.m */ = {isa = PBXFileReference; fileEncoding = 4; lastKnownFileType = sourcecode.c.objc; path = ExampleUD.m; sourceTree = "<group>"; };
		397C841A1F0B6202009982F8 /* result_Type.txt */ = {isa = PBXFileReference; fileEncoding = 4; lastKnownFileType = text; path = result_Type.txt; sourceTree = "<group>"; };
		397C841C1F0B620E009982F8 /* result_Json.txt */ = {isa = PBXFileReference; fileEncoding = 4; lastKnownFileType = text; path = result_Json.txt; sourceTree = "<group>"; };
		397C841E1F0B6227009982F8 /* result_Inherit.txt */ = {isa = PBXFileReference; fileEncoding = 4; lastKnownFileType = text; path = result_Inherit.txt; sourceTree = "<group>"; };
		397C84201F0B624B009982F8 /* result_CustomStorage.txt */ = {isa = PBXFileReference; fileEncoding = 4; lastKnownFileType = text; path = result_CustomStorage.txt; sourceTree = "<group>"; };
		397C84251F0B67F8009982F8 /* NSObject+RFSafeTransform.h */ = {isa = PBXFileReference; fileEncoding = 4; lastKnownFileType = sourcecode.c.h; lineEnding = 0; path = "NSObject+RFSafeTransform.h"; sourceTree = "<group>"; xcLanguageSpecificationIdentifier = xcode.lang.objcpp; };
		397C84261F0B67F8009982F8 /* NSObject+RFSafeTransform.m */ = {isa = PBXFileReference; fileEncoding = 4; lastKnownFileType = sourcecode.c.objc; lineEnding = 0; path = "NSObject+RFSafeTransform.m"; sourceTree = "<group>"; xcLanguageSpecificationIdentifier = xcode.lang.objc; };
		397C84281F0B6AA2009982F8 /* NSString+RFSafeTransform.h */ = {isa = PBXFileReference; fileEncoding = 4; lastKnownFileType = sourcecode.c.h; path = "NSString+RFSafeTransform.h"; sourceTree = "<group>"; };
		397C84291F0B6AA2009982F8 /* NSString+RFSafeTransform.m */ = {isa = PBXFileReference; fileEncoding = 4; lastKnownFileType = sourcecode.c.objc; path = "NSString+RFSafeTransform.m"; sourceTree = "<group>"; };
		397C842B1F0B6C11009982F8 /* NSObject+RFAssociatedValue.h */ = {isa = PBXFileReference; fileEncoding = 4; lastKnownFileType = sourcecode.c.h; lineEnding = 0; path = "NSObject+RFAssociatedValue.h"; sourceTree = "<group>"; xcLanguageSpecificationIdentifier = xcode.lang.objcpp; };
		397C842C1F0B6C11009982F8 /* NSObject+RFAssociatedValue.m */ = {isa = PBXFileReference; fileEncoding = 4; lastKnownFileType = sourcecode.c.objc; lineEnding = 0; path = "NSObject+RFAssociatedValue.m"; sourceTree = "<group>"; xcLanguageSpecificationIdentifier = xcode.lang.objc; };
		397C84341F0B75CC009982F8 /* NSObject+RFJModelProperty.h */ = {isa = PBXFileReference; fileEncoding = 4; lastKnownFileType = sourcecode.c.h; lineEnding = 0; path = "NSObject+RFJModelProperty.h"; sourceTree = "<group>"; xcLanguageSpecificationIdentifier = xcode.lang.objcpp; };
		397C84351F0B75CC009982F8 /* NSObject+RFJModelProperty.m */ = {isa = PBXFileReference; fileEncoding = 4; lastKnownFileType = sourcecode.c.objc; lineEnding = 0; path = "NSObject+RFJModelProperty.m"; sourceTree = "<group>"; xcLanguageSpecificationIdentifier = xcode.lang.objc; };
		397D9AC21F0B9D1D0028E26E /* RFJModelProperty.h */ = {isa = PBXFileReference; fileEncoding = 4; lastKnownFileType = sourcecode.c.h; path = RFJModelProperty.h; sourceTree = "<group>"; };
		397D9AC31F0B9D1D0028E26E /* RFJModelProperty.m */ = {isa = PBXFileReference; fileEncoding = 4; lastKnownFileType = sourcecode.c.objc; path = RFJModelProperty.m; sourceTree = "<group>"; };
		397D9AC51F0BABE80028E26E /* NSObject+RFJModel.h */ = {isa = PBXFileReference; fileEncoding = 4; lastKnownFileType = sourcecode.c.h; path = "NSObject+RFJModel.h"; sourceTree = "<group>"; };
		397D9AC61F0BABE80028E26E /* NSObject+RFJModel.m */ = {isa = PBXFileReference; fileEncoding = 4; lastKnownFileType = sourcecode.c.objc; path = "NSObject+RFJModel.m"; sourceTree = "<group>"; };
		3992C1EE1F04D4D900433314 /* ExampleCustomStorageModel.h */ = {isa = PBXFileReference; fileEncoding = 4; lastKnownFileType = sourcecode.c.h; path = ExampleCustomStorageModel.h; sourceTree = "<group>"; };
		3992C1EF1F04D4D900433314 /* ExampleCustomStorageModel.m */ = {isa = PBXFileReference; fileEncoding = 4; lastKnownFileType = sourcecode.c.objc; path = ExampleCustomStorageModel.m; sourceTree = "<group>"; };
		3992C1F11F04DA4900433314 /* ExampleCustomStorageModelJson.txt */ = {isa = PBXFileReference; fileEncoding = 4; lastKnownFileType = text; path = ExampleCustomStorageModelJson.txt; sourceTree = "<group>"; };
		39FFB9AD1F0F6646005B2783 /* RFJUserDefaults.h */ = {isa = PBXFileReference; fileEncoding = 4; lastKnownFileType = sourcecode.c.h; path = RFJUserDefaults.h; sourceTree = "<group>"; };
		39FFB9AE1F0F6646005B2783 /* RFJUserDefaults.m */ = {isa = PBXFileReference; fileEncoding = 4; lastKnownFileType = sourcecode.c.objc; path = RFJUserDefaults.m; sourceTree = "<group>"; };
		78DA974D1A53951B006B0597 /* RFJModel.app */ = {isa = PBXFileReference; explicitFileType = wrapper.application; includeInIndex = 0; path = RFJModel.app; sourceTree = BUILT_PRODUCTS_DIR; };
		78DA97511A53951B006B0597 /* Info.plist */ = {isa = PBXFileReference; lastKnownFileType = text.plist.xml; path = Info.plist; sourceTree = "<group>"; };
		78DA97521A53951B006B0597 /* main.m */ = {isa = PBXFileReference; lastKnownFileType = sourcecode.c.objc; path = main.m; sourceTree = "<group>"; };
		78DA97541A53951B006B0597 /* AppDelegate.h */ = {isa = PBXFileReference; lastKnownFileType = sourcecode.c.h; path = AppDelegate.h; sourceTree = "<group>"; };
		78DA97551A53951B006B0597 /* AppDelegate.m */ = {isa = PBXFileReference; lastKnownFileType = sourcecode.c.objc; path = AppDelegate.m; sourceTree = "<group>"; };
		78DA97571A53951B006B0597 /* ViewController.h */ = {isa = PBXFileReference; lastKnownFileType = sourcecode.c.h; path = ViewController.h; sourceTree = "<group>"; };
		78DA97581A53951B006B0597 /* ViewController.m */ = {isa = PBXFileReference; lastKnownFileType = sourcecode.c.objc; path = ViewController.m; sourceTree = "<group>"; };
		78DA975B1A53951B006B0597 /* Base */ = {isa = PBXFileReference; lastKnownFileType = file.storyboard; name = Base; path = Base.lproj/Main.storyboard; sourceTree = "<group>"; };
		78DA975D1A53951B006B0597 /* Images.xcassets */ = {isa = PBXFileReference; lastKnownFileType = folder.assetcatalog; path = Images.xcassets; sourceTree = "<group>"; };
		78DA97601A53951B006B0597 /* Base */ = {isa = PBXFileReference; lastKnownFileType = file.xib; name = Base; path = Base.lproj/LaunchScreen.xib; sourceTree = "<group>"; };
		78DA97661A53951B006B0597 /* RFJModelTests.xctest */ = {isa = PBXFileReference; explicitFileType = wrapper.cfbundle; includeInIndex = 0; path = RFJModelTests.xctest; sourceTree = BUILT_PRODUCTS_DIR; };
		78DA976B1A53951B006B0597 /* Info.plist */ = {isa = PBXFileReference; lastKnownFileType = text.plist.xml; path = Info.plist; sourceTree = "<group>"; };
		78DA976C1A53951B006B0597 /* RFJModelTests.m */ = {isa = PBXFileReference; lastKnownFileType = sourcecode.c.objc; path = RFJModelTests.m; sourceTree = "<group>"; };
		78DA97771A539581006B0597 /* ExampleJson.txt */ = {isa = PBXFileReference; fileEncoding = 4; lastKnownFileType = text; path = ExampleJson.txt; sourceTree = "<group>"; };
		78DA97781A539581006B0597 /* ExampleModel.h */ = {isa = PBXFileReference; fileEncoding = 4; lastKnownFileType = sourcecode.c.h; path = ExampleModel.h; sourceTree = "<group>"; };
		78DA97791A539581006B0597 /* ExampleModel.m */ = {isa = PBXFileReference; fileEncoding = 4; lastKnownFileType = sourcecode.c.objc; path = ExampleModel.m; sourceTree = "<group>"; };
		78DA977A1A539581006B0597 /* ExampleType.txt */ = {isa = PBXFileReference; fileEncoding = 4; lastKnownFileType = text; path = ExampleType.txt; sourceTree = "<group>"; };
		78DA977C1A539581006B0597 /* RFJModel.h */ = {isa = PBXFileReference; fileEncoding = 4; lastKnownFileType = sourcecode.c.h; path = RFJModel.h; sourceTree = "<group>"; };
		78DA977D1A539581006B0597 /* RFJModel.m */ = {isa = PBXFileReference; fileEncoding = 4; lastKnownFileType = sourcecode.c.objc; lineEnding = 0; path = RFJModel.m; sourceTree = "<group>"; xcLanguageSpecificationIdentifier = xcode.lang.objc; };
		78DC80241A58DCB100D2019F /* README.md */ = {isa = PBXFileReference; fileEncoding = 4; lastKnownFileType = net.daringfireball.markdown; name = README.md; path = ../README.md; sourceTree = "<group>"; };
		78DC80261A590C5400D2019F /* LICENSE */ = {isa = PBXFileReference; fileEncoding = 4; lastKnownFileType = text; name = LICENSE; path = ../LICENSE; sourceTree = "<group>"; };
/* End PBXFileReference section */

/* Begin PBXFrameworksBuildPhase section */
		78DA974A1A53951B006B0597 /* Frameworks */ = {
			isa = PBXFrameworksBuildPhase;
			buildActionMask = 2147483647;
			files = (
			);
			runOnlyForDeploymentPostprocessing = 0;
		};
		78DA97631A53951B006B0597 /* Frameworks */ = {
			isa = PBXFrameworksBuildPhase;
			buildActionMask = 2147483647;
			files = (
			);
			runOnlyForDeploymentPostprocessing = 0;
		};
/* End PBXFrameworksBuildPhase section */

/* Begin PBXGroup section */
		78DA97441A53951B006B0597 = {
			isa = PBXGroup;
			children = (
				78DC80261A590C5400D2019F /* LICENSE */,
				78DC80241A58DCB100D2019F /* README.md */,
				78DA974F1A53951B006B0597 /* RFJModel */,
				78DA97691A53951B006B0597 /* RFJModelTests */,
				78DA974E1A53951B006B0597 /* Products */,
			);
			sourceTree = "<group>";
		};
		78DA974E1A53951B006B0597 /* Products */ = {
			isa = PBXGroup;
			children = (
				78DA974D1A53951B006B0597 /* RFJModel.app */,
				78DA97661A53951B006B0597 /* RFJModelTests.xctest */,
			);
			name = Products;
			sourceTree = "<group>";
		};
		78DA974F1A53951B006B0597 /* RFJModel */ = {
			isa = PBXGroup;
			children = (
				78DA97761A539581006B0597 /* Example */,
				78DA977B1A539581006B0597 /* RFJModel */,
				78DA97541A53951B006B0597 /* AppDelegate.h */,
				78DA97551A53951B006B0597 /* AppDelegate.m */,
				78DA97571A53951B006B0597 /* ViewController.h */,
				78DA97581A53951B006B0597 /* ViewController.m */,
				78DA975A1A53951B006B0597 /* Main.storyboard */,
				78DA975D1A53951B006B0597 /* Images.xcassets */,
				78DA975F1A53951B006B0597 /* LaunchScreen.xib */,
				78DA97501A53951B006B0597 /* Supporting Files */,
			);
			path = RFJModel;
			sourceTree = "<group>";
		};
		78DA97501A53951B006B0597 /* Supporting Files */ = {
			isa = PBXGroup;
			children = (
				78DA97511A53951B006B0597 /* Info.plist */,
				78DA97521A53951B006B0597 /* main.m */,
			);
			name = "Supporting Files";
			sourceTree = "<group>";
		};
		78DA97691A53951B006B0597 /* RFJModelTests */ = {
			isa = PBXGroup;
			children = (
				78DA976C1A53951B006B0597 /* RFJModelTests.m */,
				78DA976A1A53951B006B0597 /* Supporting Files */,
			);
			path = RFJModelTests;
			sourceTree = "<group>";
		};
		78DA976A1A53951B006B0597 /* Supporting Files */ = {
			isa = PBXGroup;
			children = (
				78DA976B1A53951B006B0597 /* Info.plist */,
			);
			name = "Supporting Files";
			sourceTree = "<group>";
		};
		78DA97761A539581006B0597 /* Example */ = {
			isa = PBXGroup;
			children = (
				78DA97771A539581006B0597 /* ExampleJson.txt */,
				78DA97781A539581006B0597 /* ExampleModel.h */,
				78DA97791A539581006B0597 /* ExampleModel.m */,
				78DA977A1A539581006B0597 /* ExampleType.txt */,
				3992C1EE1F04D4D900433314 /* ExampleCustomStorageModel.h */,
				3992C1EF1F04D4D900433314 /* ExampleCustomStorageModel.m */,
				3992C1F11F04DA4900433314 /* ExampleCustomStorageModelJson.txt */,
				397C841A1F0B6202009982F8 /* result_Type.txt */,
				397C841C1F0B620E009982F8 /* result_Json.txt */,
				397C841E1F0B6227009982F8 /* result_Inherit.txt */,
				397C84201F0B624B009982F8 /* result_CustomStorage.txt */,
				3910A6B51F56A37B002E12F6 /* ExampleUD.h */,
				3910A6B61F56A37B002E12F6 /* ExampleUD.m */,
			);
			path = Example;
			sourceTree = "<group>";
		};
		78DA977B1A539581006B0597 /* RFJModel */ = {
			isa = PBXGroup;
			children = (
				39FFB9AD1F0F6646005B2783 /* RFJUserDefaults.h */,
				39FFB9AE1F0F6646005B2783 /* RFJUserDefaults.m */,
				78DA977C1A539581006B0597 /* RFJModel.h */,
				78DA977D1A539581006B0597 /* RFJModel.m */,
				397D9AC51F0BABE80028E26E /* NSObject+RFJModel.h */,
				397D9AC61F0BABE80028E26E /* NSObject+RFJModel.m */,
				397C84251F0B67F8009982F8 /* NSObject+RFSafeTransform.h */,
				397C84261F0B67F8009982F8 /* NSObject+RFSafeTransform.m */,
				397C84281F0B6AA2009982F8 /* NSString+RFSafeTransform.h */,
				397C84291F0B6AA2009982F8 /* NSString+RFSafeTransform.m */,
				397C842B1F0B6C11009982F8 /* NSObject+RFAssociatedValue.h */,
				397C842C1F0B6C11009982F8 /* NSObject+RFAssociatedValue.m */,
				397C84341F0B75CC009982F8 /* NSObject+RFJModelProperty.h */,
				397C84351F0B75CC009982F8 /* NSObject+RFJModelProperty.m */,
				397D9AC21F0B9D1D0028E26E /* RFJModelProperty.h */,
				397D9AC31F0B9D1D0028E26E /* RFJModelProperty.m */,
			);
			path = RFJModel;
			sourceTree = "<group>";
		};
/* End PBXGroup section */

/* Begin PBXNativeTarget section */
		78DA974C1A53951B006B0597 /* RFJModel */ = {
			isa = PBXNativeTarget;
			buildConfigurationList = 78DA97701A53951B006B0597 /* Build configuration list for PBXNativeTarget "RFJModel" */;
			buildPhases = (
				78DA97491A53951B006B0597 /* Sources */,
				78DA974A1A53951B006B0597 /* Frameworks */,
				78DA974B1A53951B006B0597 /* Resources */,
			);
			buildRules = (
			);
			dependencies = (
			);
			name = RFJModel;
			productName = RFJModel;
			productReference = 78DA974D1A53951B006B0597 /* RFJModel.app */;
			productType = "com.apple.product-type.application";
		};
		78DA97651A53951B006B0597 /* RFJModelTests */ = {
			isa = PBXNativeTarget;
			buildConfigurationList = 78DA97731A53951B006B0597 /* Build configuration list for PBXNativeTarget "RFJModelTests" */;
			buildPhases = (
				78DA97621A53951B006B0597 /* Sources */,
				78DA97631A53951B006B0597 /* Frameworks */,
				78DA97641A53951B006B0597 /* Resources */,
			);
			buildRules = (
			);
			dependencies = (
				78DA97681A53951B006B0597 /* PBXTargetDependency */,
			);
			name = RFJModelTests;
			productName = RFJModelTests;
			productReference = 78DA97661A53951B006B0597 /* RFJModelTests.xctest */;
			productType = "com.apple.product-type.bundle.unit-test";
		};
/* End PBXNativeTarget section */

/* Begin PBXProject section */
		78DA97451A53951B006B0597 /* Project object */ = {
			isa = PBXProject;
			attributes = {
				LastUpgradeCheck = 0830;
				ORGANIZATIONNAME = TechAtk;
				TargetAttributes = {
					78DA974C1A53951B006B0597 = {
						CreatedOnToolsVersion = 6.1;
						ProvisioningStyle = Manual;
					};
					78DA97651A53951B006B0597 = {
						CreatedOnToolsVersion = 6.1;
						TestTargetID = 78DA974C1A53951B006B0597;
					};
				};
			};
			buildConfigurationList = 78DA97481A53951B006B0597 /* Build configuration list for PBXProject "RFJModel" */;
			compatibilityVersion = "Xcode 3.2";
			developmentRegion = English;
			hasScannedForEncodings = 0;
			knownRegions = (
				en,
				Base,
			);
			mainGroup = 78DA97441A53951B006B0597;
			productRefGroup = 78DA974E1A53951B006B0597 /* Products */;
			projectDirPath = "";
			projectRoot = "";
			targets = (
				78DA974C1A53951B006B0597 /* RFJModel */,
				78DA97651A53951B006B0597 /* RFJModelTests */,
			);
		};
/* End PBXProject section */

/* Begin PBXResourcesBuildPhase section */
		78DA974B1A53951B006B0597 /* Resources */ = {
			isa = PBXResourcesBuildPhase;
			buildActionMask = 2147483647;
			files = (
				397C84211F0B624B009982F8 /* result_CustomStorage.txt in Resources */,
				397C841F1F0B6227009982F8 /* result_Inherit.txt in Resources */,
				397C841B1F0B6202009982F8 /* result_Type.txt in Resources */,
				78DA97801A539581006B0597 /* ExampleType.txt in Resources */,
				78DA975C1A53951B006B0597 /* Main.storyboard in Resources */,
				78DA97611A53951B006B0597 /* LaunchScreen.xib in Resources */,
				78DA975E1A53951B006B0597 /* Images.xcassets in Resources */,
				397C841D1F0B620E009982F8 /* result_Json.txt in Resources */,
				3992C1F21F04DA4900433314 /* ExampleCustomStorageModelJson.txt in Resources */,
				78DA977E1A539581006B0597 /* ExampleJson.txt in Resources */,
			);
			runOnlyForDeploymentPostprocessing = 0;
		};
		78DA97641A53951B006B0597 /* Resources */ = {
			isa = PBXResourcesBuildPhase;
			buildActionMask = 2147483647;
			files = (
			);
			runOnlyForDeploymentPostprocessing = 0;
		};
/* End PBXResourcesBuildPhase section */

/* Begin PBXSourcesBuildPhase section */
		78DA97491A53951B006B0597 /* Sources */ = {
			isa = PBXSourcesBuildPhase;
			buildActionMask = 2147483647;
			files = (
				397C842D1F0B6C11009982F8 /* NSObject+RFAssociatedValue.m in Sources */,
				397D9AC41F0B9D1D0028E26E /* RFJModelProperty.m in Sources */,
				78DA97591A53951B006B0597 /* ViewController.m in Sources */,
				78DA97561A53951B006B0597 /* AppDelegate.m in Sources */,
				397C84271F0B67F8009982F8 /* NSObject+RFSafeTransform.m in Sources */,
				3910A6B71F56A37B002E12F6 /* ExampleUD.m in Sources */,
				397C842A1F0B6AA2009982F8 /* NSString+RFSafeTransform.m in Sources */,
				39FFB9AF1F0F6646005B2783 /* RFJUserDefaults.m in Sources */,
				78DA97811A539581006B0597 /* RFJModel.m in Sources */,
				3992C1F01F04D4D900433314 /* ExampleCustomStorageModel.m in Sources */,
				397C84361F0B75CC009982F8 /* NSObject+RFJModelProperty.m in Sources */,
				78DA977F1A539581006B0597 /* ExampleModel.m in Sources */,
				397D9AC71F0BABE80028E26E /* NSObject+RFJModel.m in Sources */,
				78DA97531A53951B006B0597 /* main.m in Sources */,
			);
			runOnlyForDeploymentPostprocessing = 0;
		};
		78DA97621A53951B006B0597 /* Sources */ = {
			isa = PBXSourcesBuildPhase;
			buildActionMask = 2147483647;
			files = (
				78DA976D1A53951B006B0597 /* RFJModelTests.m in Sources */,
			);
			runOnlyForDeploymentPostprocessing = 0;
		};
/* End PBXSourcesBuildPhase section */

/* Begin PBXTargetDependency section */
		78DA97681A53951B006B0597 /* PBXTargetDependency */ = {
			isa = PBXTargetDependency;
			target = 78DA974C1A53951B006B0597 /* RFJModel */;
			targetProxy = 78DA97671A53951B006B0597 /* PBXContainerItemProxy */;
		};
/* End PBXTargetDependency section */

/* Begin PBXVariantGroup section */
		78DA975A1A53951B006B0597 /* Main.storyboard */ = {
			isa = PBXVariantGroup;
			children = (
				78DA975B1A53951B006B0597 /* Base */,
			);
			name = Main.storyboard;
			sourceTree = "<group>";
		};
		78DA975F1A53951B006B0597 /* LaunchScreen.xib */ = {
			isa = PBXVariantGroup;
			children = (
				78DA97601A53951B006B0597 /* Base */,
			);
			name = LaunchScreen.xib;
			sourceTree = "<group>";
		};
/* End PBXVariantGroup section */

/* Begin XCBuildConfiguration section */
		78DA976E1A53951B006B0597 /* Debug */ = {
			isa = XCBuildConfiguration;
			buildSettings = {
				ALWAYS_SEARCH_USER_PATHS = NO;
				CLANG_CXX_LANGUAGE_STANDARD = "gnu++0x";
				CLANG_CXX_LIBRARY = "libc++";
				CLANG_ENABLE_MODULES = YES;
				CLANG_ENABLE_OBJC_ARC = YES;
				CLANG_WARN_BOOL_CONVERSION = YES;
				CLANG_WARN_CONSTANT_CONVERSION = YES;
				CLANG_WARN_DIRECT_OBJC_ISA_USAGE = YES_ERROR;
				CLANG_WARN_EMPTY_BODY = YES;
				CLANG_WARN_ENUM_CONVERSION = YES;
				CLANG_WARN_INFINITE_RECURSION = YES;
				CLANG_WARN_INT_CONVERSION = YES;
				CLANG_WARN_OBJC_ROOT_CLASS = YES_ERROR;
				CLANG_WARN_SUSPICIOUS_MOVE = YES;
				CLANG_WARN_UNREACHABLE_CODE = YES;
				CLANG_WARN__DUPLICATE_METHOD_MATCH = YES;
				"CODE_SIGN_IDENTITY[sdk=iphoneos*]" = "iPhone Developer";
				COPY_PHASE_STRIP = NO;
				ENABLE_STRICT_OBJC_MSGSEND = YES;
				ENABLE_TESTABILITY = YES;
				GCC_C_LANGUAGE_STANDARD = gnu99;
				GCC_DYNAMIC_NO_PIC = NO;
				GCC_NO_COMMON_BLOCKS = YES;
				GCC_OPTIMIZATION_LEVEL = 0;
				GCC_PREPROCESSOR_DEFINITIONS = (
					"DEBUG=1",
					"$(inherited)",
				);
				GCC_SYMBOLS_PRIVATE_EXTERN = NO;
				GCC_WARN_64_TO_32_BIT_CONVERSION = YES;
				GCC_WARN_ABOUT_RETURN_TYPE = YES_ERROR;
				GCC_WARN_UNDECLARED_SELECTOR = YES;
				GCC_WARN_UNINITIALIZED_AUTOS = YES_AGGRESSIVE;
				GCC_WARN_UNUSED_FUNCTION = YES;
				GCC_WARN_UNUSED_VARIABLE = YES;
				IPHONEOS_DEPLOYMENT_TARGET = 8.1;
				MTL_ENABLE_DEBUG_INFO = YES;
				ONLY_ACTIVE_ARCH = YES;
				SDKROOT = iphoneos;
				TARGETED_DEVICE_FAMILY = "1,2";
			};
			name = Debug;
		};
		78DA976F1A53951B006B0597 /* Release */ = {
			isa = XCBuildConfiguration;
			buildSettings = {
				ALWAYS_SEARCH_USER_PATHS = NO;
				CLANG_CXX_LANGUAGE_STANDARD = "gnu++0x";
				CLANG_CXX_LIBRARY = "libc++";
				CLANG_ENABLE_MODULES = YES;
				CLANG_ENABLE_OBJC_ARC = YES;
				CLANG_WARN_BOOL_CONVERSION = YES;
				CLANG_WARN_CONSTANT_CONVERSION = YES;
				CLANG_WARN_DIRECT_OBJC_ISA_USAGE = YES_ERROR;
				CLANG_WARN_EMPTY_BODY = YES;
				CLANG_WARN_ENUM_CONVERSION = YES;
				CLANG_WARN_INFINITE_RECURSION = YES;
				CLANG_WARN_INT_CONVERSION = YES;
				CLANG_WARN_OBJC_ROOT_CLASS = YES_ERROR;
				CLANG_WARN_SUSPICIOUS_MOVE = YES;
				CLANG_WARN_UNREACHABLE_CODE = YES;
				CLANG_WARN__DUPLICATE_METHOD_MATCH = YES;
				"CODE_SIGN_IDENTITY[sdk=iphoneos*]" = "iPhone Developer";
				COPY_PHASE_STRIP = YES;
				ENABLE_NS_ASSERTIONS = NO;
				ENABLE_STRICT_OBJC_MSGSEND = YES;
				GCC_C_LANGUAGE_STANDARD = gnu99;
				GCC_NO_COMMON_BLOCKS = YES;
				GCC_WARN_64_TO_32_BIT_CONVERSION = YES;
				GCC_WARN_ABOUT_RETURN_TYPE = YES_ERROR;
				GCC_WARN_UNDECLARED_SELECTOR = YES;
				GCC_WARN_UNINITIALIZED_AUTOS = YES_AGGRESSIVE;
				GCC_WARN_UNUSED_FUNCTION = YES;
				GCC_WARN_UNUSED_VARIABLE = YES;
				IPHONEOS_DEPLOYMENT_TARGET = 8.1;
				MTL_ENABLE_DEBUG_INFO = NO;
				SDKROOT = iphoneos;
				TARGETED_DEVICE_FAMILY = "1,2";
				VALIDATE_PRODUCT = YES;
			};
			name = Release;
		};
		78DA97711A53951B006B0597 /* Debug */ = {
			isa = XCBuildConfiguration;
			buildSettings = {
				ASSETCATALOG_COMPILER_APPICON_NAME = AppIcon;
				DEVELOPMENT_TEAM = "";
				INFOPLIST_FILE = RFJModel/Info.plist;
				IPHONEOS_DEPLOYMENT_TARGET = 8.0;
				LD_RUNPATH_SEARCH_PATHS = "$(inherited) @executable_path/Frameworks";
				PRODUCT_BUNDLE_IDENTIFIER = "TechAtk.$(PRODUCT_NAME:rfc1034identifier)";
				PRODUCT_NAME = "$(TARGET_NAME)";
				PROVISIONING_PROFILE_SPECIFIER = "";
			};
			name = Debug;
		};
		78DA97721A53951B006B0597 /* Release */ = {
			isa = XCBuildConfiguration;
			buildSettings = {
				ASSETCATALOG_COMPILER_APPICON_NAME = AppIcon;
				DEVELOPMENT_TEAM = "";
				INFOPLIST_FILE = RFJModel/Info.plist;
				IPHONEOS_DEPLOYMENT_TARGET = 8.0;
				LD_RUNPATH_SEARCH_PATHS = "$(inherited) @executable_path/Frameworks";
				PRODUCT_BUNDLE_IDENTIFIER = "TechAtk.$(PRODUCT_NAME:rfc1034identifier)";
				PRODUCT_NAME = "$(TARGET_NAME)";
				PROVISIONING_PROFILE_SPECIFIER = "";
			};
			name = Release;
		};
		78DA97741A53951B006B0597 /* Debug */ = {
			isa = XCBuildConfiguration;
			buildSettings = {
				BUNDLE_LOADER = "$(TEST_HOST)";
				FRAMEWORK_SEARCH_PATHS = (
					"$(SDKROOT)/Developer/Library/Frameworks",
					"$(inherited)",
				);
				GCC_PREPROCESSOR_DEFINITIONS = (
					"DEBUG=1",
					"$(inherited)",
				);
				INFOPLIST_FILE = RFJModelTests/Info.plist;
				LD_RUNPATH_SEARCH_PATHS = "$(inherited) @executable_path/Frameworks @loader_path/Frameworks";
				PRODUCT_BUNDLE_IDENTIFIER = "TechAtk.$(PRODUCT_NAME:rfc1034identifier)";
				PRODUCT_NAME = "$(TARGET_NAME)";
				TEST_HOST = "$(BUILT_PRODUCTS_DIR)/RFJModel.app/RFJModel";
			};
			name = Debug;
		};
		78DA97751A53951B006B0597 /* Release */ = {
			isa = XCBuildConfiguration;
			buildSettings = {
				BUNDLE_LOADER = "$(TEST_HOST)";
				FRAMEWORK_SEARCH_PATHS = (
					"$(SDKROOT)/Developer/Library/Frameworks",
					"$(inherited)",
				);
				INFOPLIST_FILE = RFJModelTests/Info.plist;
				LD_RUNPATH_SEARCH_PATHS = "$(inherited) @executable_path/Frameworks @loader_path/Frameworks";
				PRODUCT_BUNDLE_IDENTIFIER = "TechAtk.$(PRODUCT_NAME:rfc1034identifier)";
				PRODUCT_NAME = "$(TARGET_NAME)";
				TEST_HOST = "$(BUILT_PRODUCTS_DIR)/RFJModel.app/RFJModel";
			};
			name = Release;
		};
/* End XCBuildConfiguration section */

/* Begin XCConfigurationList section */
		78DA97481A53951B006B0597 /* Build configuration list for PBXProject "RFJModel" */ = {
			isa = XCConfigurationList;
			buildConfigurations = (
				78DA976E1A53951B006B0597 /* Debug */,
				78DA976F1A53951B006B0597 /* Release */,
			);
			defaultConfigurationIsVisible = 0;
			defaultConfigurationName = Release;
		};
		78DA97701A53951B006B0597 /* Build configuration list for PBXNativeTarget "RFJModel" */ = {
			isa = XCConfigurationList;
			buildConfigurations = (
				78DA97711A53951B006B0597 /* Debug */,
				78DA97721A53951B006B0597 /* Release */,
			);
			defaultConfigurationIsVisible = 0;
			defaultConfigurationName = Release;
		};
		78DA97731A53951B006B0597 /* Build configuration list for PBXNativeTarget "RFJModelTests" */ = {
			isa = XCConfigurationList;
			buildConfigurations = (
				78DA97741A53951B006B0597 /* Debug */,
				78DA97751A53951B006B0597 /* Release */,
			);
			defaultConfigurationIsVisible = 0;
			defaultConfigurationName = Release;
		};
/* End XCConfigurationList section */
	};
	rootObject = 78DA97451A53951B006B0597 /* Project object */;
}
